<?xml version="1.0" encoding="utf-8"?>
<Project ToolsVersion="4.0" xmlns="http://schemas.microsoft.com/developer/msbuild/2003">
  <ItemGroup>
    <Filter Include="Source Files">
      <UniqueIdentifier>{4FC737F1-C7A5-4376-A066-2A32D752A2FF}</UniqueIdentifier>
      <Extensions>cpp;c;cc;cxx;def;odl;idl;hpj;bat;asm;asmx</Extensions>
    </Filter>
    <Filter Include="Header Files">
      <UniqueIdentifier>{93995380-89BD-4b04-88EB-625FBE52EBFB}</UniqueIdentifier>
      <Extensions>h;hh;hpp;hxx;hm;inl;inc;xsd</Extensions>
    </Filter>
    <Filter Include="Resource Files">
      <UniqueIdentifier>{67DA6AB6-F800-4c08-8B7A-83BB121AAD01}</UniqueIdentifier>
      <Extensions>rc;ico;cur;bmp;dlg;rc2;rct;bin;rgs;gif;jpg;jpeg;jpe;resx;tiff;tif;png;wav;mfcribbon-ms</Extensions>
    </Filter>
    <Filter Include="Source Files\cef">
      <UniqueIdentifier>{754ecf39-8a33-4f8e-8d7a-8731fac6d5b0}</UniqueIdentifier>
    </Filter>
    <Filter Include="Header Files\cef">
      <UniqueIdentifier>{a2c5394b-b24c-4759-aa30-b051fcdd9ab7}</UniqueIdentifier>
    </Filter>
  </ItemGroup>
  <ItemGroup>
    <Text Include="ReadMe.txt" />
  </ItemGroup>
  <ItemGroup>
    <ClInclude Include="stdafx.h">
      <Filter>Header Files</Filter>
    </ClInclude>
    <ClInclude Include="targetver.h">
      <Filter>Header Files</Filter>
    </ClInclude>
    <ClInclude Include="webview.h">
      <Filter>Header Files\cef</Filter>
    </ClInclude>
    <ClInclude Include="overloadApp.h">
      <Filter>Header Files\cef</Filter>
    </ClInclude>
    <ClInclude Include="utils.h">
      <Filter>Header Files</Filter>
    </ClInclude>
    <ClInclude Include="v8Handler.h">
      <Filter>Header Files\cef</Filter>
    </ClInclude>
    <ClInclude Include="jsFunctionManager.h">
      <Filter>Header Files\cef</Filter>
    </ClInclude>
    <ClInclude Include="jsfunction.h">
      <Filter>Header Files\cef</Filter>
    </ClInclude>
    <ClInclude Include="variant.h">
      <Filter>Header Files\cef</Filter>
    </ClInclude>
    <ClInclude Include="daemon.h">
      <Filter>Header Files</Filter>
    </ClInclude>
    <ClInclude Include="overload.h">
      <Filter>Header Files</Filter>
    </ClInclude>
    <ClInclude Include="serverManager.h">
      <Filter>Header Files</Filter>
    </ClInclude>
    <ClInclude Include="userInfo.h">
      <Filter>Header Files</Filter>
    </ClInclude>
    <ClInclude Include="gameInfo.h">
      <Filter>Header Files</Filter>
    </ClInclude>
    <ClInclude Include="loadingScreen.h">
      <Filter>Header Files</Filter>
    </ClInclude>
    <ClInclude Include="windowHandle.h">
      <Filter>Header Files</Filter>
    </ClInclude>
    <ClInclude Include="exception.h">
      <Filter>Header Files</Filter>
    </ClInclude>
  </ItemGroup>
  <ItemGroup>
    <ClCompile Include="stdafx.cpp">
      <Filter>Source Files</Filter>
    </ClCompile>
    <ClCompile Include="main.cpp">
      <Filter>Source Files</Filter>
    </ClCompile>
    <ClCompile Include="webview.cpp">
      <Filter>Source Files\cef</Filter>
    </ClCompile>
    <ClCompile Include="overloadApp.cpp">
      <Filter>Source Files\cef</Filter>
    </ClCompile>
    <ClCompile Include="v8Handler.cpp">
      <Filter>Source Files\cef</Filter>
    </ClCompile>
    <ClCompile Include="jsFunctionManager.cpp">
      <Filter>Source Files\cef</Filter>
    </ClCompile>
    <ClCompile Include="variant.cpp">
      <Filter>Source Files\cef</Filter>
    </ClCompile>
    <ClCompile Include="daemon.cpp">
      <Filter>Source Files</Filter>
    </ClCompile>
    <ClCompile Include="overload.cpp">
      <Filter>Source Files</Filter>
    </ClCompile>
    <ClCompile Include="serverManager.cpp">
      <Filter>Source Files</Filter>
    </ClCompile>
    <ClCompile Include="userInfo.cpp">
      <Filter>Source Files</Filter>
    </ClCompile>
    <ClCompile Include="gameInfo.cpp">
      <Filter>Source Files</Filter>
    </ClCompile>
    <ClCompile Include="loadingScreen.cpp">
      <Filter>Source Files</Filter>
    </ClCompile>
    <ClCompile Include="windowHandle.cpp">
      <Filter>Source Files</Filter>
    </ClCompile>
  </ItemGroup>
  <ItemGroup>
    <None Include="packages.config" />
  </ItemGroup>
</Project>